{
  "name": "@psiclawops/hypermem",
  "version": "0.9.5",
  "lockfileVersion": 3,
  "requires": true,
  "packages": {
    "": {
      "name": "@psiclawops/hypermem",
      "version": "0.9.5",
      "bundleDependencies": [
        "sqlite-vec",
        "zod"
      ],
      "license": "Apache-2.0",
      "dependencies": {
        "sqlite-vec": "^0.1.9",
        "zod": "^4.0.0"
      },
      "bin": {
        "hypermem-bench": "bin/hypermem-bench.mjs",
        "hypermem-doctor": "bin/hypermem-doctor.mjs",
        "hypermem-install": "scripts/install-runtime.mjs",
        "hypermem-model-audit": "bin/hypermem-model-audit.mjs",
        "hypermem-status": "bin/hypermem-status.mjs"
      },
      "devDependencies": {
        "@types/node": "^22.0.0",
        "typescript": "^5.7.0"
      },
      "engines": {
        "node": ">=22.0.0"
      }
    },
    "node_modules/@types/node": {
      "version": "22.19.15",
      "resolved": "https://registry.npmjs.org/@types/node/-/node-22.19.15.tgz",
      "integrity": "sha512-F0R/h2+dsy5wJAUe3tAU6oqa2qbWY5TpNfL/RGmo1y38hiyO1w3x2jPtt76wmuaJI4DQnOBu21cNXQ2STIUUWg==",
      "dev": true,
      "license": "MIT",
      "dependencies": {
        "undici-types": "~6.21.0"
      }
    },
    "node_modules/sqlite-vec": {
      "version": "0.1.9",
      "resolved": "https://registry.npmjs.org/sqlite-vec/-/sqlite-vec-0.1.9.tgz",
      "integrity": "sha512-L7XJWRIBNvR9O5+vh1FQ+IGkh/3D2AzVksW5gdtk28m78Hy8skFD0pqReKH1Yp0/BUKRGcffgKvyO/EON5JXpA==",
      "inBundle": true,
      "license": "MIT OR Apache",
      "optionalDependencies": {
        "sqlite-vec-darwin-arm64": "0.1.9",
        "sqlite-vec-darwin-x64": "0.1.9",
        "sqlite-vec-linux-arm64": "0.1.9",
        "sqlite-vec-linux-x64": "0.1.9",
        "sqlite-vec-windows-x64": "0.1.9"
      }
    },
    "node_modules/sqlite-vec-linux-x64": {
      "version": "0.1.9",
      "resolved": "https://registry.npmjs.org/sqlite-vec-linux-x64/-/sqlite-vec-linux-x64-0.1.9.tgz",
      "integrity": "sha512-w3tCH8xK2finW8fQJ/m8uqKodXUZ9KAuAar2UIhz4BHILfpE0WM/MTGCRfa7RjYbrYim5Luk3guvMOGI7T7JQA==",
      "cpu": [
        "x64"
      ],
      "inBundle": true,
      "license": "MIT OR Apache",
      "optional": true,
      "os": [
        "linux"
      ]
    },
    "node_modules/typescript": {
      "version": "5.9.3",
      "resolved": "https://registry.npmjs.org/typescript/-/typescript-5.9.3.tgz",
      "integrity": "sha512-jl1vZzPDinLr9eUt3J/t7V6FgNEw9QjvBPdysz9KfQDD41fQrC2Y4vKQdiaUpFT4bXlb1RHhLpp8wtm6M5TgSw==",
      "dev": true,
      "license": "Apache-2.0",
      "bin": {
        "tsc": "bin/tsc",
        "tsserver": "bin/tsserver"
      },
      "engines": {
        "node": ">=14.17"
      }
    },
    "node_modules/undici-types": {
      "version": "6.21.0",
      "resolved": "https://registry.npmjs.org/undici-types/-/undici-types-6.21.0.tgz",
      "integrity": "sha512-iwDZqg0QAGrg9Rav5H4n0M64c3mkR59cJ6wQp+7C4nI0gsmExaedaYLNO44eT4AtBBwjbTiGPMlt2Md0T9H9JQ==",
      "dev": true,
      "license": "MIT"
    },
    "node_modules/zod": {
      "version": "4.3.6",
      "resolved": "https://registry.npmjs.org/zod/-/zod-4.3.6.tgz",
      "integrity": "sha512-rftlrkhHZOcjDwkGlnUtZZkvaPHCsDATp4pGpuOOMDaTdDDXF91wuVDJoWoPsKX/3YPQ5fHuF3STjcYyKr+Qhg==",
      "inBundle": true,
      "license": "MIT",
      "funding": {
        "url": "https://github.com/sponsors/colinhacks"
      }
    }
  }
}
